
Microsoft Visual Studio Solution File, Format Version 12.00
# Visual Studio 15
VisualStudioVersion = 15.0.28307.960
MinimumVisualStudioVersion = 10.0.40219.1
Project("{FAE04EC0-301F-11D3-BF4B-00C04F79EFBC}") = "FBReader", "FBReader\FBReader.csproj", "{DA275F45-8653-4604-A267-A5F26B4C2780}"
EndProject
Global
	GlobalSection(SolutionConfigurationPlatforms) = preSolution
		Debug|Any CPU = Debug|Any CPU
		Release|Any CPU = Release|Any CPU
	EndGlobalSection
	GlobalSection(ProjectConfigurationPlatforms) = postSolution
		{DA275F45-8653-4604-A267-A5F26B4C2780}.Debug|Any CPU.ActiveCfg = Debug|Any CPU
		{DA275F45-8653-4604-A267-A5F26B4C2780}.Debug|Any CPU.Build.0 = Debug|Any CPU
		{DA275F45-8653-4604-A267-A5F26B4C2780}.Release|Any CPU.ActiveCfg = Release|Any CPU
		{DA275F45-8653-4604-A267-A5F26B4C2780}.Release|Any CPU.Build.0 = Release|Any CPU
	EndGlobalSection
	GlobalSection(SolutionProperties) = preSolution
		HideSolutionNode = FALSE
	EndGlobalSection
	GlobalSection(ExtensibilityGlobals) = postSolution
		SolutionGuid = {395B4257-AB58-4671-9DCC-FC013174E5A8}
	EndGlobalSection
EndGlobal
